
Microsoft Visual Studio Solution File, Format Version 12.00
# Visual Studio Version 16
VisualStudioVersion = 16.0.31321.278
MinimumVisualStudioVersion = 10.0.40219.1
Project("{FAE04EC0-301F-11D3-BF4B-00C04F79EFBC}") = "vetor5", "vetor5\vetor5.csproj", "{8AFF1473-3D2C-45C7-9F12-8B66EDF92174}"
EndProject
Global
	GlobalSection(SolutionConfigurationPlatforms) = preSolution
		Debug|Any CPU = Debug|Any CPU
		Release|Any CPU = Release|Any CPU
	EndGlobalSection
	GlobalSection(ProjectConfigurationPlatforms) = postSolution
		{8AFF1473-3D2C-45C7-9F12-8B66EDF92174}.Debug|Any CPU.ActiveCfg = Debug|Any CPU
		{8AFF1473-3D2C-45C7-9F12-8B66EDF92174}.Debug|Any CPU.Build.0 = Debug|Any CPU
		{8AFF1473-3D2C-45C7-9F12-8B66EDF92174}.Release|Any CPU.ActiveCfg = Release|Any CPU
		{8AFF1473-3D2C-45C7-9F12-8B66EDF92174}.Release|Any CPU.Build.0 = Release|Any CPU
	EndGlobalSection
	GlobalSection(SolutionProperties) = preSolution
		HideSolutionNode = FALSE
	EndGlobalSection
	GlobalSection(ExtensibilityGlobals) = postSolution
		SolutionGuid = {DC9590F4-13A6-4F42-A47B-3B2F620DADB0}
	EndGlobalSection
EndGlobal
