
Microsoft Visual Studio Solution File, Format Version 12.00
# Visual Studio Version 16
VisualStudioVersion = 16.0.31321.278
MinimumVisualStudioVersion = 10.0.40219.1
Project("{FAE04EC0-301F-11D3-BF4B-00C04F79EFBC}") = "Segundo", "Segundo\Segundo.csproj", "{07A55213-ECC5-4A3B-99A6-2B6CF2537EDE}"
EndProject
Global
	GlobalSection(SolutionConfigurationPlatforms) = preSolution
		Debug|Any CPU = Debug|Any CPU
		Release|Any CPU = Release|Any CPU
	EndGlobalSection
	GlobalSection(ProjectConfigurationPlatforms) = postSolution
		{07A55213-ECC5-4A3B-99A6-2B6CF2537EDE}.Debug|Any CPU.ActiveCfg = Debug|Any CPU
		{07A55213-ECC5-4A3B-99A6-2B6CF2537EDE}.Debug|Any CPU.Build.0 = Debug|Any CPU
		{07A55213-ECC5-4A3B-99A6-2B6CF2537EDE}.Release|Any CPU.ActiveCfg = Release|Any CPU
		{07A55213-ECC5-4A3B-99A6-2B6CF2537EDE}.Release|Any CPU.Build.0 = Release|Any CPU
	EndGlobalSection
	GlobalSection(SolutionProperties) = preSolution
		HideSolutionNode = FALSE
	EndGlobalSection
	GlobalSection(ExtensibilityGlobals) = postSolution
		SolutionGuid = {439BB348-0C55-4A37-8A18-6D044333B43A}
	EndGlobalSection
EndGlobal
