
Microsoft Visual Studio Solution File, Format Version 12.00
# Visual Studio Version 16
VisualStudioVersion = 16.0.31321.278
MinimumVisualStudioVersion = 10.0.40219.1
Project("{FAE04EC0-301F-11D3-BF4B-00C04F79EFBC}") = "URI 1115", "URI 1115\URI 1115.csproj", "{AC7E6BF6-EBC3-4995-A35D-545D223BD3D3}"
EndProject
Global
	GlobalSection(SolutionConfigurationPlatforms) = preSolution
		Debug|Any CPU = Debug|Any CPU
		Release|Any CPU = Release|Any CPU
	EndGlobalSection
	GlobalSection(ProjectConfigurationPlatforms) = postSolution
		{AC7E6BF6-EBC3-4995-A35D-545D223BD3D3}.Debug|Any CPU.ActiveCfg = Debug|Any CPU
		{AC7E6BF6-EBC3-4995-A35D-545D223BD3D3}.Debug|Any CPU.Build.0 = Debug|Any CPU
		{AC7E6BF6-EBC3-4995-A35D-545D223BD3D3}.Release|Any CPU.ActiveCfg = Release|Any CPU
		{AC7E6BF6-EBC3-4995-A35D-545D223BD3D3}.Release|Any CPU.Build.0 = Release|Any CPU
	EndGlobalSection
	GlobalSection(SolutionProperties) = preSolution
		HideSolutionNode = FALSE
	EndGlobalSection
	GlobalSection(ExtensibilityGlobals) = postSolution
		SolutionGuid = {5309A3D2-4827-48A2-AC88-99996BB5875C}
	EndGlobalSection
EndGlobal
