
Microsoft Visual Studio Solution File, Format Version 12.00
# Visual Studio Version 16
VisualStudioVersion = 16.0.31321.278
MinimumVisualStudioVersion = 10.0.40219.1
Project("{FAE04EC0-301F-11D3-BF4B-00C04F79EFBC}") = "URI 1159", "URI 1159\URI 1159.csproj", "{920CABF9-AE4D-440F-8AF1-7E73D806C2D5}"
EndProject
Global
	GlobalSection(SolutionConfigurationPlatforms) = preSolution
		Debug|Any CPU = Debug|Any CPU
		Release|Any CPU = Release|Any CPU
	EndGlobalSection
	GlobalSection(ProjectConfigurationPlatforms) = postSolution
		{920CABF9-AE4D-440F-8AF1-7E73D806C2D5}.Debug|Any CPU.ActiveCfg = Debug|Any CPU
		{920CABF9-AE4D-440F-8AF1-7E73D806C2D5}.Debug|Any CPU.Build.0 = Debug|Any CPU
		{920CABF9-AE4D-440F-8AF1-7E73D806C2D5}.Release|Any CPU.ActiveCfg = Release|Any CPU
		{920CABF9-AE4D-440F-8AF1-7E73D806C2D5}.Release|Any CPU.Build.0 = Release|Any CPU
	EndGlobalSection
	GlobalSection(SolutionProperties) = preSolution
		HideSolutionNode = FALSE
	EndGlobalSection
	GlobalSection(ExtensibilityGlobals) = postSolution
		SolutionGuid = {6F90B7AA-BEE5-486D-80AE-D87D8EF02F56}
	EndGlobalSection
EndGlobal
