
Microsoft Visual Studio Solution File, Format Version 12.00
# Visual Studio Version 16
VisualStudioVersion = 16.0.31321.278
MinimumVisualStudioVersion = 10.0.40219.1
Project("{FAE04EC0-301F-11D3-BF4B-00C04F79EFBC}") = "exercicios02", "exercicios02\exercicios02.csproj", "{71861FF8-115D-403B-B943-161F6F27BAAA}"
EndProject
Global
	GlobalSection(SolutionConfigurationPlatforms) = preSolution
		Debug|Any CPU = Debug|Any CPU
		Release|Any CPU = Release|Any CPU
	EndGlobalSection
	GlobalSection(ProjectConfigurationPlatforms) = postSolution
		{71861FF8-115D-403B-B943-161F6F27BAAA}.Debug|Any CPU.ActiveCfg = Debug|Any CPU
		{71861FF8-115D-403B-B943-161F6F27BAAA}.Debug|Any CPU.Build.0 = Debug|Any CPU
		{71861FF8-115D-403B-B943-161F6F27BAAA}.Release|Any CPU.ActiveCfg = Release|Any CPU
		{71861FF8-115D-403B-B943-161F6F27BAAA}.Release|Any CPU.Build.0 = Release|Any CPU
	EndGlobalSection
	GlobalSection(SolutionProperties) = preSolution
		HideSolutionNode = FALSE
	EndGlobalSection
	GlobalSection(ExtensibilityGlobals) = postSolution
		SolutionGuid = {5F2342D1-FFA9-4ADF-9B6A-F7AA662B318C}
	EndGlobalSection
EndGlobal
