
Microsoft Visual Studio Solution File, Format Version 12.00
# Visual Studio Version 16
VisualStudioVersion = 16.0.31321.278
MinimumVisualStudioVersion = 10.0.40219.1
Project("{FAE04EC0-301F-11D3-BF4B-00C04F79EFBC}") = "URI 1072", "URI 1072\URI 1072.csproj", "{2432F197-F507-4EF8-8AF5-AE8B7C261D1B}"
EndProject
Global
	GlobalSection(SolutionConfigurationPlatforms) = preSolution
		Debug|Any CPU = Debug|Any CPU
		Release|Any CPU = Release|Any CPU
	EndGlobalSection
	GlobalSection(ProjectConfigurationPlatforms) = postSolution
		{2432F197-F507-4EF8-8AF5-AE8B7C261D1B}.Debug|Any CPU.ActiveCfg = Debug|Any CPU
		{2432F197-F507-4EF8-8AF5-AE8B7C261D1B}.Debug|Any CPU.Build.0 = Debug|Any CPU
		{2432F197-F507-4EF8-8AF5-AE8B7C261D1B}.Release|Any CPU.ActiveCfg = Release|Any CPU
		{2432F197-F507-4EF8-8AF5-AE8B7C261D1B}.Release|Any CPU.Build.0 = Release|Any CPU
	EndGlobalSection
	GlobalSection(SolutionProperties) = preSolution
		HideSolutionNode = FALSE
	EndGlobalSection
	GlobalSection(ExtensibilityGlobals) = postSolution
		SolutionGuid = {148830C2-EC1A-420E-A7B6-01C466580033}
	EndGlobalSection
EndGlobal
