
Microsoft Visual Studio Solution File, Format Version 12.00
# Visual Studio Version 16
VisualStudioVersion = 16.0.31321.278
MinimumVisualStudioVersion = 10.0.40219.1
Project("{FAE04EC0-301F-11D3-BF4B-00C04F79EFBC}") = "Exercicios Propostos 1", "Exercicios Propostos 1\Exercicios Propostos 1.csproj", "{2C0D9F65-AB65-4EBE-80AF-6B0CED1479CC}"
EndProject
Global
	GlobalSection(SolutionConfigurationPlatforms) = preSolution
		Debug|Any CPU = Debug|Any CPU
		Release|Any CPU = Release|Any CPU
	EndGlobalSection
	GlobalSection(ProjectConfigurationPlatforms) = postSolution
		{2C0D9F65-AB65-4EBE-80AF-6B0CED1479CC}.Debug|Any CPU.ActiveCfg = Debug|Any CPU
		{2C0D9F65-AB65-4EBE-80AF-6B0CED1479CC}.Debug|Any CPU.Build.0 = Debug|Any CPU
		{2C0D9F65-AB65-4EBE-80AF-6B0CED1479CC}.Release|Any CPU.ActiveCfg = Release|Any CPU
		{2C0D9F65-AB65-4EBE-80AF-6B0CED1479CC}.Release|Any CPU.Build.0 = Release|Any CPU
	EndGlobalSection
	GlobalSection(SolutionProperties) = preSolution
		HideSolutionNode = FALSE
	EndGlobalSection
	GlobalSection(ExtensibilityGlobals) = postSolution
		SolutionGuid = {E2735160-BFD4-4E8D-8B19-6F3086FD4389}
	EndGlobalSection
EndGlobal
