
Microsoft Visual Studio Solution File, Format Version 12.00
# Visual Studio Version 16
VisualStudioVersion = 16.0.31321.278
MinimumVisualStudioVersion = 10.0.40219.1
Project("{FAE04EC0-301F-11D3-BF4B-00C04F79EFBC}") = "matriz1", "matriz1\matriz1.csproj", "{AB5AE5FC-95B0-4BD7-8537-9A0A852172A8}"
EndProject
Global
	GlobalSection(SolutionConfigurationPlatforms) = preSolution
		Debug|Any CPU = Debug|Any CPU
		Release|Any CPU = Release|Any CPU
	EndGlobalSection
	GlobalSection(ProjectConfigurationPlatforms) = postSolution
		{AB5AE5FC-95B0-4BD7-8537-9A0A852172A8}.Debug|Any CPU.ActiveCfg = Debug|Any CPU
		{AB5AE5FC-95B0-4BD7-8537-9A0A852172A8}.Debug|Any CPU.Build.0 = Debug|Any CPU
		{AB5AE5FC-95B0-4BD7-8537-9A0A852172A8}.Release|Any CPU.ActiveCfg = Release|Any CPU
		{AB5AE5FC-95B0-4BD7-8537-9A0A852172A8}.Release|Any CPU.Build.0 = Release|Any CPU
	EndGlobalSection
	GlobalSection(SolutionProperties) = preSolution
		HideSolutionNode = FALSE
	EndGlobalSection
	GlobalSection(ExtensibilityGlobals) = postSolution
		SolutionGuid = {E62DE5DB-61E4-462A-8B2B-6987E39FA528}
	EndGlobalSection
EndGlobal
