
Microsoft Visual Studio Solution File, Format Version 12.00
# Visual Studio Version 16
VisualStudioVersion = 16.0.31321.278
MinimumVisualStudioVersion = 10.0.40219.1
Project("{FAE04EC0-301F-11D3-BF4B-00C04F79EFBC}") = "URI 1044", "URI 1044\URI 1044.csproj", "{BBFBA7D1-2B07-4956-A71F-4E823FD3B088}"
EndProject
Global
	GlobalSection(SolutionConfigurationPlatforms) = preSolution
		Debug|Any CPU = Debug|Any CPU
		Release|Any CPU = Release|Any CPU
	EndGlobalSection
	GlobalSection(ProjectConfigurationPlatforms) = postSolution
		{BBFBA7D1-2B07-4956-A71F-4E823FD3B088}.Debug|Any CPU.ActiveCfg = Debug|Any CPU
		{BBFBA7D1-2B07-4956-A71F-4E823FD3B088}.Debug|Any CPU.Build.0 = Debug|Any CPU
		{BBFBA7D1-2B07-4956-A71F-4E823FD3B088}.Release|Any CPU.ActiveCfg = Release|Any CPU
		{BBFBA7D1-2B07-4956-A71F-4E823FD3B088}.Release|Any CPU.Build.0 = Release|Any CPU
	EndGlobalSection
	GlobalSection(SolutionProperties) = preSolution
		HideSolutionNode = FALSE
	EndGlobalSection
	GlobalSection(ExtensibilityGlobals) = postSolution
		SolutionGuid = {16FFA9A6-1F42-4A11-A6B7-2ED74A18C52E}
	EndGlobalSection
EndGlobal
