
Microsoft Visual Studio Solution File, Format Version 12.00
# Visual Studio Version 16
VisualStudioVersion = 16.0.31321.278
MinimumVisualStudioVersion = 10.0.40219.1
Project("{FAE04EC0-301F-11D3-BF4B-00C04F79EFBC}") = "Pensionato", "Pensionato\Pensionato.csproj", "{0C8ABEC8-2096-401F-B957-868FED1F931F}"
EndProject
Global
	GlobalSection(SolutionConfigurationPlatforms) = preSolution
		Debug|Any CPU = Debug|Any CPU
		Release|Any CPU = Release|Any CPU
	EndGlobalSection
	GlobalSection(ProjectConfigurationPlatforms) = postSolution
		{0C8ABEC8-2096-401F-B957-868FED1F931F}.Debug|Any CPU.ActiveCfg = Debug|Any CPU
		{0C8ABEC8-2096-401F-B957-868FED1F931F}.Debug|Any CPU.Build.0 = Debug|Any CPU
		{0C8ABEC8-2096-401F-B957-868FED1F931F}.Release|Any CPU.ActiveCfg = Release|Any CPU
		{0C8ABEC8-2096-401F-B957-868FED1F931F}.Release|Any CPU.Build.0 = Release|Any CPU
	EndGlobalSection
	GlobalSection(SolutionProperties) = preSolution
		HideSolutionNode = FALSE
	EndGlobalSection
	GlobalSection(ExtensibilityGlobals) = postSolution
		SolutionGuid = {E9BB667A-8D6C-41D2-AA05-B92C7286F07E}
	EndGlobalSection
EndGlobal
