
Microsoft Visual Studio Solution File, Format Version 12.00
# Visual Studio Version 16
VisualStudioVersion = 16.0.31321.278
MinimumVisualStudioVersion = 10.0.40219.1
Project("{FAE04EC0-301F-11D3-BF4B-00C04F79EFBC}") = "vetor6", "vetor6\vetor6.csproj", "{44D06AA1-747D-419D-91DE-C75ACF02E6FE}"
EndProject
Global
	GlobalSection(SolutionConfigurationPlatforms) = preSolution
		Debug|Any CPU = Debug|Any CPU
		Release|Any CPU = Release|Any CPU
	EndGlobalSection
	GlobalSection(ProjectConfigurationPlatforms) = postSolution
		{44D06AA1-747D-419D-91DE-C75ACF02E6FE}.Debug|Any CPU.ActiveCfg = Debug|Any CPU
		{44D06AA1-747D-419D-91DE-C75ACF02E6FE}.Debug|Any CPU.Build.0 = Debug|Any CPU
		{44D06AA1-747D-419D-91DE-C75ACF02E6FE}.Release|Any CPU.ActiveCfg = Release|Any CPU
		{44D06AA1-747D-419D-91DE-C75ACF02E6FE}.Release|Any CPU.Build.0 = Release|Any CPU
	EndGlobalSection
	GlobalSection(SolutionProperties) = preSolution
		HideSolutionNode = FALSE
	EndGlobalSection
	GlobalSection(ExtensibilityGlobals) = postSolution
		SolutionGuid = {D5E08D3F-4D30-490B-96DD-64CEDC1D94DD}
	EndGlobalSection
EndGlobal
