
Microsoft Visual Studio Solution File, Format Version 12.00
# Visual Studio Version 16
VisualStudioVersion = 16.0.31321.278
MinimumVisualStudioVersion = 10.0.40219.1
Project("{FAE04EC0-301F-11D3-BF4B-00C04F79EFBC}") = "URI 1047", "URI 1047\URI 1047.csproj", "{A69C0AB5-09D2-45A0-B204-9561E2273575}"
EndProject
Global
	GlobalSection(SolutionConfigurationPlatforms) = preSolution
		Debug|Any CPU = Debug|Any CPU
		Release|Any CPU = Release|Any CPU
	EndGlobalSection
	GlobalSection(ProjectConfigurationPlatforms) = postSolution
		{A69C0AB5-09D2-45A0-B204-9561E2273575}.Debug|Any CPU.ActiveCfg = Debug|Any CPU
		{A69C0AB5-09D2-45A0-B204-9561E2273575}.Debug|Any CPU.Build.0 = Debug|Any CPU
		{A69C0AB5-09D2-45A0-B204-9561E2273575}.Release|Any CPU.ActiveCfg = Release|Any CPU
		{A69C0AB5-09D2-45A0-B204-9561E2273575}.Release|Any CPU.Build.0 = Release|Any CPU
	EndGlobalSection
	GlobalSection(SolutionProperties) = preSolution
		HideSolutionNode = FALSE
	EndGlobalSection
	GlobalSection(ExtensibilityGlobals) = postSolution
		SolutionGuid = {43891CA7-F56C-44F0-BA26-9FAB3A57880D}
	EndGlobalSection
EndGlobal
