
Microsoft Visual Studio Solution File, Format Version 12.00
# Visual Studio Version 16
VisualStudioVersion = 16.0.31321.278
MinimumVisualStudioVersion = 10.0.40219.1
Project("{FAE04EC0-301F-11D3-BF4B-00C04F79EFBC}") = "URI 1037", "URI 1037\URI 1037.csproj", "{774ABF88-CAB7-4B37-9FEA-A78483671469}"
EndProject
Global
	GlobalSection(SolutionConfigurationPlatforms) = preSolution
		Debug|Any CPU = Debug|Any CPU
		Release|Any CPU = Release|Any CPU
	EndGlobalSection
	GlobalSection(ProjectConfigurationPlatforms) = postSolution
		{774ABF88-CAB7-4B37-9FEA-A78483671469}.Debug|Any CPU.ActiveCfg = Debug|Any CPU
		{774ABF88-CAB7-4B37-9FEA-A78483671469}.Debug|Any CPU.Build.0 = Debug|Any CPU
		{774ABF88-CAB7-4B37-9FEA-A78483671469}.Release|Any CPU.ActiveCfg = Release|Any CPU
		{774ABF88-CAB7-4B37-9FEA-A78483671469}.Release|Any CPU.Build.0 = Release|Any CPU
	EndGlobalSection
	GlobalSection(SolutionProperties) = preSolution
		HideSolutionNode = FALSE
	EndGlobalSection
	GlobalSection(ExtensibilityGlobals) = postSolution
		SolutionGuid = {D66232A3-5744-4081-A8AF-3886DAE5CF39}
	EndGlobalSection
EndGlobal
