
Microsoft Visual Studio Solution File, Format Version 12.00
# Visual Studio Version 16
VisualStudioVersion = 16.0.31321.278
MinimumVisualStudioVersion = 10.0.40219.1
Project("{FAE04EC0-301F-11D3-BF4B-00C04F79EFBC}") = "URI 1061", "URI 1061\URI 1061.csproj", "{FBD13FBE-A9A3-4337-8AC3-157BE3D287D6}"
EndProject
Global
	GlobalSection(SolutionConfigurationPlatforms) = preSolution
		Debug|Any CPU = Debug|Any CPU
		Release|Any CPU = Release|Any CPU
	EndGlobalSection
	GlobalSection(ProjectConfigurationPlatforms) = postSolution
		{FBD13FBE-A9A3-4337-8AC3-157BE3D287D6}.Debug|Any CPU.ActiveCfg = Debug|Any CPU
		{FBD13FBE-A9A3-4337-8AC3-157BE3D287D6}.Debug|Any CPU.Build.0 = Debug|Any CPU
		{FBD13FBE-A9A3-4337-8AC3-157BE3D287D6}.Release|Any CPU.ActiveCfg = Release|Any CPU
		{FBD13FBE-A9A3-4337-8AC3-157BE3D287D6}.Release|Any CPU.Build.0 = Release|Any CPU
	EndGlobalSection
	GlobalSection(SolutionProperties) = preSolution
		HideSolutionNode = FALSE
	EndGlobalSection
	GlobalSection(ExtensibilityGlobals) = postSolution
		SolutionGuid = {540BFFE8-6158-4A75-B3A9-2C657373A87F}
	EndGlobalSection
EndGlobal
