
Microsoft Visual Studio Solution File, Format Version 12.00
# Visual Studio Version 16
VisualStudioVersion = 16.0.31321.278
MinimumVisualStudioVersion = 10.0.40219.1
Project("{FAE04EC0-301F-11D3-BF4B-00C04F79EFBC}") = "URI 1060", "URI 1060\URI 1060.csproj", "{36DBB211-F1A4-4CB2-87AC-EB25F5E53937}"
EndProject
Global
	GlobalSection(SolutionConfigurationPlatforms) = preSolution
		Debug|Any CPU = Debug|Any CPU
		Release|Any CPU = Release|Any CPU
	EndGlobalSection
	GlobalSection(ProjectConfigurationPlatforms) = postSolution
		{36DBB211-F1A4-4CB2-87AC-EB25F5E53937}.Debug|Any CPU.ActiveCfg = Debug|Any CPU
		{36DBB211-F1A4-4CB2-87AC-EB25F5E53937}.Debug|Any CPU.Build.0 = Debug|Any CPU
		{36DBB211-F1A4-4CB2-87AC-EB25F5E53937}.Release|Any CPU.ActiveCfg = Release|Any CPU
		{36DBB211-F1A4-4CB2-87AC-EB25F5E53937}.Release|Any CPU.Build.0 = Release|Any CPU
	EndGlobalSection
	GlobalSection(SolutionProperties) = preSolution
		HideSolutionNode = FALSE
	EndGlobalSection
	GlobalSection(ExtensibilityGlobals) = postSolution
		SolutionGuid = {7DD8AA0E-21AC-4042-9C08-D114D74BF717}
	EndGlobalSection
EndGlobal
