
Microsoft Visual Studio Solution File, Format Version 12.00
# Visual Studio Version 16
VisualStudioVersion = 16.0.31321.278
MinimumVisualStudioVersion = 10.0.40219.1
Project("{FAE04EC0-301F-11D3-BF4B-00C04F79EFBC}") = "URI 1010", "URI 1010\URI 1010.csproj", "{D5DD5F35-BB2C-4CE3-ABAE-1FDD702717CC}"
EndProject
Global
	GlobalSection(SolutionConfigurationPlatforms) = preSolution
		Debug|Any CPU = Debug|Any CPU
		Release|Any CPU = Release|Any CPU
	EndGlobalSection
	GlobalSection(ProjectConfigurationPlatforms) = postSolution
		{D5DD5F35-BB2C-4CE3-ABAE-1FDD702717CC}.Debug|Any CPU.ActiveCfg = Debug|Any CPU
		{D5DD5F35-BB2C-4CE3-ABAE-1FDD702717CC}.Debug|Any CPU.Build.0 = Debug|Any CPU
		{D5DD5F35-BB2C-4CE3-ABAE-1FDD702717CC}.Release|Any CPU.ActiveCfg = Release|Any CPU
		{D5DD5F35-BB2C-4CE3-ABAE-1FDD702717CC}.Release|Any CPU.Build.0 = Release|Any CPU
	EndGlobalSection
	GlobalSection(SolutionProperties) = preSolution
		HideSolutionNode = FALSE
	EndGlobalSection
	GlobalSection(ExtensibilityGlobals) = postSolution
		SolutionGuid = {7AE855E5-0D84-40FD-ADB6-A4FD79F01422}
	EndGlobalSection
EndGlobal
